schema: '2.0'
stages:
  materialize_us1_inputs:
    cmd: uv run --group data cdf task build --config configs/tasks/pilot.yaml
      --output-dir data/build-inputs
    deps:
    - path: configs/tasks/pilot.yaml
      hash: md5
      md5: f0f2c9b241d3731cbe8078013e705153
      size: 1060
    - path: src/code_data_factory/tasks/build.py
      hash: md5
      md5: a7fc927f7fba46659725c8ab15eade1d
      size: 9138
    - path: src/code_data_factory/tasks/splits.py
      hash: md5
      md5: 5dda2567d6b0c7ac38d8502a1b8f60bc
      size: 6498
    outs:
    - path: data/build-inputs
      hash: md5
      md5: 714fe3d2c8d57d5c9583629a2edb3c77.dir
      size: 376165
      nfiles: 707
  build_us1_local:
    cmd: uv run --group data cdf data build --input data/build-inputs/pilot.json
      --backend local --output-dir data/draft/local
    deps:
    - path: configs/quality/build.yaml
      hash: md5
      md5: ae54c4637e5a6d031e0c11dcd3a93d1c
      size: 136
    - path: data/build-inputs/pilot.json
      hash: md5
      md5: b70f0444a5fa471f5a0ebcdd0db6f356
      size: 258
    - path: src/code_data_factory/cli.py
      hash: md5
      md5: 32ad6f1d9f846421f17f077f68518f9f
      size: 11017
    - path: src/code_data_factory/datasets/build.py
      hash: md5
      md5: 9ddd932c4abfc9f1cfb4b2905eebfeaf
      size: 7197
    - path: src/code_data_factory/processing/backends.py
      hash: md5
      md5: aab378c7680a893f111804b369b56478
      size: 3418
    - path: src/code_data_factory/processing/commit.py
      hash: md5
      md5: 92b9648abcfcb2e8ed2e33eb8e3b3893
      size: 5343
    - path: src/code_data_factory/processing/dedup.py
      hash: md5
      md5: 7c849268426e0793dc67651dca750eb5
      size: 5011
    - path: src/code_data_factory/processing/quality.py
      hash: md5
      md5: 055332fcb773e37ea9face6a56c37987
      size: 5154
    outs:
    - path: data/draft/local
      hash: md5
      md5: 615148a5de48e07702859eed1cd2152e.dir
      size: 151160
      nfiles: 12
  build_us1_ray:
    cmd: uv run --group data cdf data build --input data/build-inputs/pilot.json
      --backend ray --output-dir data/draft/ray
    deps:
    - path: configs/quality/build.yaml
      hash: md5
      md5: ae54c4637e5a6d031e0c11dcd3a93d1c
      size: 136
    - path: data/build-inputs/pilot.json
      hash: md5
      md5: b70f0444a5fa471f5a0ebcdd0db6f356
      size: 258
    - path: src/code_data_factory/datasets/build.py
      hash: md5
      md5: 73678669164e5329660464d28cdb0b0a
      size: 6735
    - path: src/code_data_factory/processing/dedup.py
      hash: md5
      md5: 7c849268426e0793dc67651dca750eb5
      size: 5011
    - path: src/code_data_factory/processing/quality.py
      hash: md5
      md5: 055332fcb773e37ea9face6a56c37987
      size: 5154
    outs:
    - path: data/draft/ray
      hash: md5
      md5: 1f0eb0d6d4c8c360c8e0c9572cd7215f.dir
      size: 135648
      nfiles: 12
